
Microsoft Visual Studio Solution File, Format Version 12.00
# Visual Studio Version 17
VisualStudioVersion = 17.8.34330.188
MinimumVisualStudioVersion = 10.0.40219.1
Project("{9A19103F-16F7-4668-BE54-9A1E7A4F7556}") = "MvcMovie", "MvcMovie.csproj", "{99AE7D63-2B6E-4FBA-B70B-6F6687B1BFD7}"
EndProject
Global
	GlobalSection(SolutionConfigurationPlatforms) = preSolution
		Debug|Any CPU = Debug|Any CPU
		Release|Any CPU = Release|Any CPU
	EndGlobalSection
	GlobalSection(ProjectConfigurationPlatforms) = postSolution
		{99AE7D63-2B6E-4FBA-B70B-6F6687B1BFD7}.Debug|Any CPU.ActiveCfg = Debug|Any CPU
		{99AE7D63-2B6E-4FBA-B70B-6F6687B1BFD7}.Debug|Any CPU.Build.0 = Debug|Any CPU
		{99AE7D63-2B6E-4FBA-B70B-6F6687B1BFD7}.Release|Any CPU.ActiveCfg = Release|Any CPU
		{99AE7D63-2B6E-4FBA-B70B-6F6687B1BFD7}.Release|Any CPU.Build.0 = Release|Any CPU
	EndGlobalSection
	GlobalSection(SolutionProperties) = preSolution
		HideSolutionNode = FALSE
	EndGlobalSection
	GlobalSection(ExtensibilityGlobals) = postSolution
		SolutionGuid = {5FB0936E-1DD4-4709-90D6-BC7DD8DEBBC4}
	EndGlobalSection
EndGlobal
